
Microsoft Visual Studio Solution File, Format Version 12.00
# Visual Studio Version 17
VisualStudioVersion = 17.7.34024.191
MinimumVisualStudioVersion = 10.0.40219.1
Project("{FAE04EC0-301F-11D3-BF4B-00C04F79EFBC}") = "Rekenen", "Rekenen\Rekenen.csproj", "{21549C40-2964-47F8-98C8-4FD45B22C64E}"
EndProject
Global
	GlobalSection(SolutionConfigurationPlatforms) = preSolution
		Debug|Any CPU = Debug|Any CPU
		Release|Any CPU = Release|Any CPU
	EndGlobalSection
	GlobalSection(ProjectConfigurationPlatforms) = postSolution
		{21549C40-2964-47F8-98C8-4FD45B22C64E}.Debug|Any CPU.ActiveCfg = Debug|Any CPU
		{21549C40-2964-47F8-98C8-4FD45B22C64E}.Debug|Any CPU.Build.0 = Debug|Any CPU
		{21549C40-2964-47F8-98C8-4FD45B22C64E}.Release|Any CPU.ActiveCfg = Release|Any CPU
		{21549C40-2964-47F8-98C8-4FD45B22C64E}.Release|Any CPU.Build.0 = Release|Any CPU
	EndGlobalSection
	GlobalSection(SolutionProperties) = preSolution
		HideSolutionNode = FALSE
	EndGlobalSection
	GlobalSection(ExtensibilityGlobals) = postSolution
		SolutionGuid = {823C8D05-22E6-45CC-973C-3E892E7AAA8A}
	EndGlobalSection
EndGlobal
